
Microsoft Visual Studio Solution File, Format Version 12.00
# Visual Studio Version 17
VisualStudioVersion = 17.9.34723.18
MinimumVisualStudioVersion = 10.0.40219.1
Project("{FAE04EC0-301F-11D3-BF4B-00C04F79EFBC}") = "Lab211", "Lab211\Lab211.csproj", "{665E8B88-8383-4D30-9F8C-795575F96F44}"
EndProject
Global
	GlobalSection(SolutionConfigurationPlatforms) = preSolution
		Debug|Any CPU = Debug|Any CPU
		Release|Any CPU = Release|Any CPU
	EndGlobalSection
	GlobalSection(ProjectConfigurationPlatforms) = postSolution
		{665E8B88-8383-4D30-9F8C-795575F96F44}.Debug|Any CPU.ActiveCfg = Debug|Any CPU
		{665E8B88-8383-4D30-9F8C-795575F96F44}.Debug|Any CPU.Build.0 = Debug|Any CPU
		{665E8B88-8383-4D30-9F8C-795575F96F44}.Release|Any CPU.ActiveCfg = Release|Any CPU
		{665E8B88-8383-4D30-9F8C-795575F96F44}.Release|Any CPU.Build.0 = Release|Any CPU
	EndGlobalSection
	GlobalSection(SolutionProperties) = preSolution
		HideSolutionNode = FALSE
	EndGlobalSection
	GlobalSection(ExtensibilityGlobals) = postSolution
		SolutionGuid = {59828EEE-E2A9-4E0D-80DC-DD0C227CBEA0}
	EndGlobalSection
EndGlobal
